{
    "_readme": [
        "This file locks the dependencies of your project to a known state",
        "Read more about it at https://getcomposer.org/doc/01-basic-usage.md#composer-lock-the-lock-file",
        "This file is @generated automatically"
    ],
    "hash": "b81a116f0dff2e2cb712d35b1438dce7",
    "content-hash": "be5a6460080a01b2e4574af03bc482cc",
    "packages": [],
    "packages-dev": [],
    "aliases": [],
    "minimum-stability": "stable",	
    "stability-flags": [],
    "prefer-stable": false,
    "prefer-lowest": false,
    "platform": {
        "php": ">=5.3.0"
    },
    "platform-dev": []
}
